
Microsoft Visual Studio Solution File, Format Version 12.00
# Visual Studio Version 16
Project("{FAE04EC0-301F-11D3-BF4B-00C04F79EFBC}") = "AZURE_EXAMPLE", "DMAWS_T2203E_TRANHOANGTU\AZURE_EXAMPLE.csproj", "{44DF1BF8-D3D1-4B05-AF24-91CF4DF54E71}"
EndProject
Global
	GlobalSection(SolutionConfigurationPlatforms) = preSolution
		Debug|Any CPU = Debug|Any CPU
		Release|Any CPU = Release|Any CPU
	EndGlobalSection
	GlobalSection(ProjectConfigurationPlatforms) = postSolution
		{44DF1BF8-D3D1-4B05-AF24-91CF4DF54E71}.Debug|Any CPU.ActiveCfg = Debug|Any CPU
		{44DF1BF8-D3D1-4B05-AF24-91CF4DF54E71}.Debug|Any CPU.Build.0 = Debug|Any CPU
		{44DF1BF8-D3D1-4B05-AF24-91CF4DF54E71}.Release|Any CPU.ActiveCfg = Release|Any CPU
		{44DF1BF8-D3D1-4B05-AF24-91CF4DF54E71}.Release|Any CPU.Build.0 = Release|Any CPU
	EndGlobalSection
EndGlobal
